// !$*UTF8*$!
{
	archiveVersion = 1;
	classes = {
	};
	objectVersion = 56;
	objects = {

/* Begin PBXBuildFile section */
		0D8859AA2D02F1C500C0EB47 /* SpotifyDemoApp.swift in Sources */ = {isa = PBXBuildFile; fileRef = 0D8859A92D02F1C500C0EB47 /* SpotifyDemoApp.swift */; };
		0D8859AC2D02F1C500C0EB47 /* Persistence.swift in Sources */ = {isa = PBXBuildFile; fileRef = 0D8859AB2D02F1C500C0EB47 /* Persistence.swift */; };
		0D8859AF2D02F1C500C0EB47 /* SpotifyDemo.xcdatamodeld in Sources */ = {isa = PBXBuildFile; fileRef = 0D8859AD2D02F1C500C0EB47 /* SpotifyDemo.xcdatamodeld */; };
		0D8859B12D02F1C500C0EB47 /* ContentView.swift in Sources */ = {isa = PBXBuildFile; fileRef = 0D8859B02D02F1C500C0EB47 /* ContentView.swift */; };
		0D8859B32D02F1CA00C0EB47 /* Assets.xcassets in Resources */ = {isa = PBXBuildFile; fileRef = 0D8859B22D02F1CA00C0EB47 /* Assets.xcassets */; };
		0D8859B72D02F1CA00C0EB47 /* Preview Assets.xcassets in Resources */ = {isa = PBXBuildFile; fileRef = 0D8859B62D02F1CA00C0EB47 /* Preview Assets.xcassets */; };
		0D8859C12D02F1CB00C0EB47 /* SpotifyDemoTests.swift in Sources */ = {isa = PBXBuildFile; fileRef = 0D8859C02D02F1CB00C0EB47 /* SpotifyDemoTests.swift */; };
		0D8859CB2D02F1CB00C0EB47 /* SpotifyDemoUITests.swift in Sources */ = {isa = PBXBuildFile; fileRef = 0D8859CA2D02F1CB00C0EB47 /* SpotifyDemoUITests.swift */; };
		0D8859CD2D02F1CB00C0EB47 /* SpotifyDemoUITestsLaunchTests.swift in Sources */ = {isa = PBXBuildFile; fileRef = 0D8859CC2D02F1CB00C0EB47 /* SpotifyDemoUITestsLaunchTests.swift */; };
/* End PBXBuildFile section */

/* Begin PBXContainerItemProxy section */
		0D8859BD2D02F1CB00C0EB47 /* PBXContainerItemProxy */ = {
			isa = PBXContainerItemProxy;
			containerPortal = 0D88599E2D02F1C500C0EB47 /* Project object */;
			proxyType = 1;
			remoteGlobalIDString = 0D8859A52D02F1C500C0EB47;
			remoteInfo = SpotifyDemo;
		};
		0D8859C72D02F1CB00C0EB47 /* PBXContainerItemProxy */ = {
			isa = PBXContainerItemProxy;
			containerPortal = 0D88599E2D02F1C500C0EB47 /* Project object */;
			proxyType = 1;
			remoteGlobalIDString = 0D8859A52D02F1C500C0EB47;
			remoteInfo = SpotifyDemo;
		};
/* End PBXContainerItemProxy section */

/* Begin PBXFileReference section */
		0D8859A62D02F1C500C0EB47 /* SpotifyDemo.app */ = {isa = PBXFileReference; explicitFileType = wrapper.application; includeInIndex = 0; path = SpotifyDemo.app; sourceTree = BUILT_PRODUCTS_DIR; };
		0D8859A92D02F1C500C0EB47 /* SpotifyDemoApp.swift */ = {isa = PBXFileReference; lastKnownFileType = sourcecode.swift; path = SpotifyDemoApp.swift; sourceTree = "<group>"; };
		0D8859AB2D02F1C500C0EB47 /* Persistence.swift */ = {isa = PBXFileReference; lastKnownFileType = sourcecode.swift; path = Persistence.swift; sourceTree = "<group>"; };
		0D8859AE2D02F1C500C0EB47 /* SpotifyDemo.xcdatamodel */ = {isa = PBXFileReference; lastKnownFileType = wrapper.xcdatamodel; path = SpotifyDemo.xcdatamodel; sourceTree = "<group>"; };
		0D8859B02D02F1C500C0EB47 /* ContentView.swift */ = {isa = PBXFileReference; lastKnownFileType = sourcecode.swift; path = ContentView.swift; sourceTree = "<group>"; };
		0D8859B22D02F1CA00C0EB47 /* Assets.xcassets */ = {isa = PBXFileReference; lastKnownFileType = folder.assetcatalog; path = Assets.xcassets; sourceTree = "<group>"; };
		0D8859B42D02F1CA00C0EB47 /* SpotifyDemo.entitlements */ = {isa = PBXFileReference; lastKnownFileType = text.plist.entitlements; path = SpotifyDemo.entitlements; sourceTree = "<group>"; };
		0D8859B62D02F1CA00C0EB47 /* Preview Assets.xcassets */ = {isa = PBXFileReference; lastKnownFileType = folder.assetcatalog; path = "Preview Assets.xcassets"; sourceTree = "<group>"; };
		0D8859BC2D02F1CB00C0EB47 /* SpotifyDemoTests.xctest */ = {isa = PBXFileReference; explicitFileType = wrapper.cfbundle; includeInIndex = 0; path = SpotifyDemoTests.xctest; sourceTree = BUILT_PRODUCTS_DIR; };
		0D8859C02D02F1CB00C0EB47 /* SpotifyDemoTests.swift */ = {isa = PBXFileReference; lastKnownFileType = sourcecode.swift; path = SpotifyDemoTests.swift; sourceTree = "<group>"; };
		0D8859C62D02F1CB00C0EB47 /* SpotifyDemoUITests.xctest */ = {isa = PBXFileReference; explicitFileType = wrapper.cfbundle; includeInIndex = 0; path = SpotifyDemoUITests.xctest; sourceTree = BUILT_PRODUCTS_DIR; };
		0D8859CA2D02F1CB00C0EB47 /* SpotifyDemoUITests.swift */ = {isa = PBXFileReference; lastKnownFileType = sourcecode.swift; path = SpotifyDemoUITests.swift; sourceTree = "<group>"; };
		0D8859CC2D02F1CB00C0EB47 /* SpotifyDemoUITestsLaunchTests.swift */ = {isa = PBXFileReference; lastKnownFileType = sourcecode.swift; path = SpotifyDemoUITestsLaunchTests.swift; sourceTree = "<group>"; };
/* End PBXFileReference section */

/* Begin PBXFrameworksBuildPhase section */
		0D8859A32D02F1C500C0EB47 /* Frameworks */ = {
			isa = PBXFrameworksBuildPhase;
			buildActionMask = 2147483647;
			files = (
			);
			runOnlyForDeploymentPostprocessing = 0;
		};
		0D8859B92D02F1CB00C0EB47 /* Frameworks */ = {
			isa = PBXFrameworksBuildPhase;
			buildActionMask = 2147483647;
			files = (
			);
			runOnlyForDeploymentPostprocessing = 0;
		};
		0D8859C32D02F1CB00C0EB47 /* Frameworks */ = {
			isa = PBXFrameworksBuildPhase;
			buildActionMask = 2147483647;
			files = (
			);
			runOnlyForDeploymentPostprocessing = 0;
		};
/* End PBXFrameworksBuildPhase section */

/* Begin PBXGroup section */
		0D88599D2D02F1C500C0EB47 = {
			isa = PBXGroup;
			children = (
				0D8859A82D02F1C500C0EB47 /* SpotifyDemo */,
				0D8859BF2D02F1CB00C0EB47 /* SpotifyDemoTests */,
				0D8859C92D02F1CB00C0EB47 /* SpotifyDemoUITests */,
				0D8859A72D02F1C500C0EB47 /* Products */,
			);
			sourceTree = "<group>";
		};
		0D8859A72D02F1C500C0EB47 /* Products */ = {
			isa = PBXGroup;
			children = (
				0D8859A62D02F1C500C0EB47 /* SpotifyDemo.app */,
				0D8859BC2D02F1CB00C0EB47 /* SpotifyDemoTests.xctest */,
				0D8859C62D02F1CB00C0EB47 /* SpotifyDemoUITests.xctest */,
			);
			name = Products;
			sourceTree = "<group>";
		};
		0D8859A82D02F1C500C0EB47 /* SpotifyDemo */ = {
			isa = PBXGroup;
			children = (
				0D8859A92D02F1C500C0EB47 /* SpotifyDemoApp.swift */,
				0D8859AB2D02F1C500C0EB47 /* Persistence.swift */,
				0D8859B02D02F1C500C0EB47 /* ContentView.swift */,
				0D8859B22D02F1CA00C0EB47 /* Assets.xcassets */,
				0D8859B42D02F1CA00C0EB47 /* SpotifyDemo.entitlements */,
				0D8859AD2D02F1C500C0EB47 /* SpotifyDemo.xcdatamodeld */,
				0D8859B52D02F1CA00C0EB47 /* Preview Content */,
			);
			path = SpotifyDemo;
			sourceTree = "<group>";
		};
		0D8859B52D02F1CA00C0EB47 /* Preview Content */ = {
			isa = PBXGroup;
			children = (
				0D8859B62D02F1CA00C0EB47 /* Preview Assets.xcassets */,
			);
			path = "Preview Content";
			sourceTree = "<group>";
		};
		0D8859BF2D02F1CB00C0EB47 /* SpotifyDemoTests */ = {
			isa = PBXGroup;
			children = (
				0D8859C02D02F1CB00C0EB47 /* SpotifyDemoTests.swift */,
			);
			path = SpotifyDemoTests;
			sourceTree = "<group>";
		};
		0D8859C92D02F1CB00C0EB47 /* SpotifyDemoUITests */ = {
			isa = PBXGroup;
			children = (
				0D8859CA2D02F1CB00C0EB47 /* SpotifyDemoUITests.swift */,
				0D8859CC2D02F1CB00C0EB47 /* SpotifyDemoUITestsLaunchTests.swift */,
			);
			path = SpotifyDemoUITests;
			sourceTree = "<group>";
		};
/* End PBXGroup section */

/* Begin PBXNativeTarget section */
		0D8859A52D02F1C500C0EB47 /* SpotifyDemo */ = {
			isa = PBXNativeTarget;
			buildConfigurationList = 0D8859D02D02F1CB00C0EB47 /* Build configuration list for PBXNativeTarget "SpotifyDemo" */;
			buildPhases = (
				0D8859A22D02F1C500C0EB47 /* Sources */,
				0D8859A32D02F1C500C0EB47 /* Frameworks */,
				0D8859A42D02F1C500C0EB47 /* Resources */,
			);
			buildRules = (
			);
			dependencies = (
			);
			name = SpotifyDemo;
			productName = SpotifyDemo;
			productReference = 0D8859A62D02F1C500C0EB47 /* SpotifyDemo.app */;
			productType = "com.apple.product-type.application";
		};
		0D8859BB2D02F1CB00C0EB47 /* SpotifyDemoTests */ = {
			isa = PBXNativeTarget;
			buildConfigurationList = 0D8859D32D02F1CB00C0EB47 /* Build configuration list for PBXNativeTarget "SpotifyDemoTests" */;
			buildPhases = (
				0D8859B82D02F1CB00C0EB47 /* Sources */,
				0D8859B92D02F1CB00C0EB47 /* Frameworks */,
				0D8859BA2D02F1CB00C0EB47 /* Resources */,
			);
			buildRules = (
			);
			dependencies = (
				0D8859BE2D02F1CB00C0EB47 /* PBXTargetDependency */,
			);
			name = SpotifyDemoTests;
			productName = SpotifyDemoTests;
			productReference = 0D8859BC2D02F1CB00C0EB47 /* SpotifyDemoTests.xctest */;
			productType = "com.apple.product-type.bundle.unit-test";
		};
		0D8859C52D02F1CB00C0EB47 /* SpotifyDemoUITests */ = {
			isa = PBXNativeTarget;
			buildConfigurationList = 0D8859D62D02F1CB00C0EB47 /* Build configuration list for PBXNativeTarget "SpotifyDemoUITests" */;
			buildPhases = (
				0D8859C22D02F1CB00C0EB47 /* Sources */,
				0D8859C32D02F1CB00C0EB47 /* Frameworks */,
				0D8859C42D02F1CB00C0EB47 /* Resources */,
			);
			buildRules = (
			);
			dependencies = (
				0D8859C82D02F1CB00C0EB47 /* PBXTargetDependency */,
			);
			name = SpotifyDemoUITests;
			productName = SpotifyDemoUITests;
			productReference = 0D8859C62D02F1CB00C0EB47 /* SpotifyDemoUITests.xctest */;
			productType = "com.apple.product-type.bundle.ui-testing";
		};
/* End PBXNativeTarget section */

/* Begin PBXProject section */
		0D88599E2D02F1C500C0EB47 /* Project object */ = {
			isa = PBXProject;
			attributes = {
				BuildIndependentTargetsInParallel = 1;
				LastSwiftUpdateCheck = 1420;
				LastUpgradeCheck = 1420;
				TargetAttributes = {
					0D8859A52D02F1C500C0EB47 = {
						CreatedOnToolsVersion = 14.2;
					};
					0D8859BB2D02F1CB00C0EB47 = {
						CreatedOnToolsVersion = 14.2;
						TestTargetID = 0D8859A52D02F1C500C0EB47;
					};
					0D8859C52D02F1CB00C0EB47 = {
						CreatedOnToolsVersion = 14.2;
						TestTargetID = 0D8859A52D02F1C500C0EB47;
					};
				};
			};
			buildConfigurationList = 0D8859A12D02F1C500C0EB47 /* Build configuration list for PBXProject "SpotifyDemo" */;
			compatibilityVersion = "Xcode 14.0";
			developmentRegion = en;
			hasScannedForEncodings = 0;
			knownRegions = (
				en,
				Base,
			);
			mainGroup = 0D88599D2D02F1C500C0EB47;
			productRefGroup = 0D8859A72D02F1C500C0EB47 /* Products */;
			projectDirPath = "";
			projectRoot = "";
			targets = (
				0D8859A52D02F1C500C0EB47 /* SpotifyDemo */,
				0D8859BB2D02F1CB00C0EB47 /* SpotifyDemoTests */,
				0D8859C52D02F1CB00C0EB47 /* SpotifyDemoUITests */,
			);
		};
/* End PBXProject section */

/* Begin PBXResourcesBuildPhase section */
		0D8859A42D02F1C500C0EB47 /* Resources */ = {
			isa = PBXResourcesBuildPhase;
			buildActionMask = 2147483647;
			files = (
				0D8859B72D02F1CA00C0EB47 /* Preview Assets.xcassets in Resources */,
				0D8859B32D02F1CA00C0EB47 /* Assets.xcassets in Resources */,
			);
			runOnlyForDeploymentPostprocessing = 0;
		};
		0D8859BA2D02F1CB00C0EB47 /* Resources */ = {
			isa = PBXResourcesBuildPhase;
			buildActionMask = 2147483647;
			files = (
			);
			runOnlyForDeploymentPostprocessing = 0;
		};
		0D8859C42D02F1CB00C0EB47 /* Resources */ = {
			isa = PBXResourcesBuildPhase;
			buildActionMask = 2147483647;
			files = (
			);
			runOnlyForDeploymentPostprocessing = 0;
		};
/* End PBXResourcesBuildPhase section */

/* Begin PBXSourcesBuildPhase section */
		0D8859A22D02F1C500C0EB47 /* Sources */ = {
			isa = PBXSourcesBuildPhase;
			buildActionMask = 2147483647;
			files = (
				0D8859AA2D02F1C500C0EB47 /* SpotifyDemoApp.swift in Sources */,
				0D8859AC2D02F1C500C0EB47 /* Persistence.swift in Sources */,
				0D8859B12D02F1C500C0EB47 /* ContentView.swift in Sources */,
				0D8859AF2D02F1C500C0EB47 /* SpotifyDemo.xcdatamodeld in Sources */,
			);
			runOnlyForDeploymentPostprocessing = 0;
		};
		0D8859B82D02F1CB00C0EB47 /* Sources */ = {
			isa = PBXSourcesBuildPhase;
			buildActionMask = 2147483647;
			files = (
				0D8859C12D02F1CB00C0EB47 /* SpotifyDemoTests.swift in Sources */,
			);
			runOnlyForDeploymentPostprocessing = 0;
		};
		0D8859C22D02F1CB00C0EB47 /* Sources */ = {
			isa = PBXSourcesBuildPhase;
			buildActionMask = 2147483647;
			files = (
				0D8859CD2D02F1CB00C0EB47 /* SpotifyDemoUITestsLaunchTests.swift in Sources */,
				0D8859CB2D02F1CB00C0EB47 /* SpotifyDemoUITests.swift in Sources */,
			);
			runOnlyForDeploymentPostprocessing = 0;
		};
/* End PBXSourcesBuildPhase section */

/* Begin PBXTargetDependency section */
		0D8859BE2D02F1CB00C0EB47 /* PBXTargetDependency */ = {
			isa = PBXTargetDependency;
			target = 0D8859A52D02F1C500C0EB47 /* SpotifyDemo */;
			targetProxy = 0D8859BD2D02F1CB00C0EB47 /* PBXContainerItemProxy */;
		};
		0D8859C82D02F1CB00C0EB47 /* PBXTargetDependency */ = {
			isa = PBXTargetDependency;
			target = 0D8859A52D02F1C500C0EB47 /* SpotifyDemo */;
			targetProxy = 0D8859C72D02F1CB00C0EB47 /* PBXContainerItemProxy */;
		};
/* End PBXTargetDependency section */

/* Begin XCBuildConfiguration section */
		0D8859CE2D02F1CB00C0EB47 /* Debug */ = {
			isa = XCBuildConfiguration;
			buildSettings = {
				ALWAYS_SEARCH_USER_PATHS = NO;
				CLANG_ANALYZER_NONNULL = YES;
				CLANG_ANALYZER_NUMBER_OBJECT_CONVERSION = YES_AGGRESSIVE;
				CLANG_CXX_LANGUAGE_STANDARD = "gnu++20";
				CLANG_ENABLE_MODULES = YES;
				CLANG_ENABLE_OBJC_ARC = YES;
				CLANG_ENABLE_OBJC_WEAK = YES;
				CLANG_WARN_BLOCK_CAPTURE_AUTORELEASING = YES;
				CLANG_WARN_BOOL_CONVERSION = YES;
				CLANG_WARN_COMMA = YES;
				CLANG_WARN_CONSTANT_CONVERSION = YES;
				CLANG_WARN_DEPRECATED_OBJC_IMPLEMENTATIONS = YES;
				CLANG_WARN_DIRECT_OBJC_ISA_USAGE = YES_ERROR;
				CLANG_WARN_DOCUMENTATION_COMMENTS = YES;
				CLANG_WARN_EMPTY_BODY = YES;
				CLANG_WARN_ENUM_CONVERSION = YES;
				CLANG_WARN_INFINITE_RECURSION = YES;
				CLANG_WARN_INT_CONVERSION = YES;
				CLANG_WARN_NON_LITERAL_NULL_CONVERSION = YES;
				CLANG_WARN_OBJC_IMPLICIT_RETAIN_SELF = YES;
				CLANG_WARN_OBJC_LITERAL_CONVERSION = YES;
				CLANG_WARN_OBJC_ROOT_CLASS = YES_ERROR;
				CLANG_WARN_QUOTED_INCLUDE_IN_FRAMEWORK_HEADER = YES;
				CLANG_WARN_RANGE_LOOP_ANALYSIS = YES;
				CLANG_WARN_STRICT_PROTOTYPES = YES;
				CLANG_WARN_SUSPICIOUS_MOVE = YES;
				CLANG_WARN_UNGUARDED_AVAILABILITY = YES_AGGRESSIVE;
				CLANG_WARN_UNREACHABLE_CODE = YES;
				CLANG_WARN__DUPLICATE_METHOD_MATCH = YES;
				COPY_PHASE_STRIP = NO;
				DEBUG_INFORMATION_FORMAT = dwarf;
				ENABLE_STRICT_OBJC_MSGSEND = YES;
				ENABLE_TESTABILITY = YES;
				GCC_C_LANGUAGE_STANDARD = gnu11;
				GCC_DYNAMIC_NO_PIC = NO;
				GCC_NO_COMMON_BLOCKS = YES;
				GCC_OPTIMIZATION_LEVEL = 0;
				GCC_PREPROCESSOR_DEFINITIONS = (
					"DEBUG=1",
					"$(inherited)",
				);
				GCC_WARN_64_TO_32_BIT_CONVERSION = YES;
				GCC_WARN_ABOUT_RETURN_TYPE = YES_ERROR;
				GCC_WARN_UNDECLARED_SELECTOR = YES;
				GCC_WARN_UNINITIALIZED_AUTOS = YES_AGGRESSIVE;
				GCC_WARN_UNUSED_FUNCTION = YES;
				GCC_WARN_UNUSED_VARIABLE = YES;
				MTL_ENABLE_DEBUG_INFO = INCLUDE_SOURCE;
				MTL_FAST_MATH = YES;
				ONLY_ACTIVE_ARCH = YES;
				SWIFT_ACTIVE_COMPILATION_CONDITIONS = DEBUG;
				SWIFT_OPTIMIZATION_LEVEL = "-Onone";
			};
			name = Debug;
		};
		0D8859CF2D02F1CB00C0EB47 /* Release */ = {
			isa = XCBuildConfiguration;
			buildSettings = {
				ALWAYS_SEARCH_USER_PATHS = NO;
				CLANG_ANALYZER_NONNULL = YES;
				CLANG_ANALYZER_NUMBER_OBJECT_CONVERSION = YES_AGGRESSIVE;
				CLANG_CXX_LANGUAGE_STANDARD = "gnu++20";
				CLANG_ENABLE_MODULES = YES;
				CLANG_ENABLE_OBJC_ARC = YES;
				CLANG_ENABLE_OBJC_WEAK = YES;
				CLANG_WARN_BLOCK_CAPTURE_AUTORELEASING = YES;
				CLANG_WARN_BOOL_CONVERSION = YES;
				CLANG_WARN_COMMA = YES;
				CLANG_WARN_CONSTANT_CONVERSION = YES;
				CLANG_WARN_DEPRECATED_OBJC_IMPLEMENTATIONS = YES;
				CLANG_WARN_DIRECT_OBJC_ISA_USAGE = YES_ERROR;
				CLANG_WARN_DOCUMENTATION_COMMENTS = YES;
				CLANG_WARN_EMPTY_BODY = YES;
				CLANG_WARN_ENUM_CONVERSION = YES;
				CLANG_WARN_INFINITE_RECURSION = YES;
				CLANG_WARN_INT_CONVERSION = YES;
				CLANG_WARN_NON_LITERAL_NULL_CONVERSION = YES;
				CLANG_WARN_OBJC_IMPLICIT_RETAIN_SELF = YES;
				CLANG_WARN_OBJC_LITERAL_CONVERSION = YES;
				CLANG_WARN_OBJC_ROOT_CLASS = YES_ERROR;
				CLANG_WARN_QUOTED_INCLUDE_IN_FRAMEWORK_HEADER = YES;
				CLANG_WARN_RANGE_LOOP_ANALYSIS = YES;
				CLANG_WARN_STRICT_PROTOTYPES = YES;
				CLANG_WARN_SUSPICIOUS_MOVE = YES;
				CLANG_WARN_UNGUARDED_AVAILABILITY = YES_AGGRESSIVE;
				CLANG_WARN_UNREACHABLE_CODE = YES;
				CLANG_WARN__DUPLICATE_METHOD_MATCH = YES;
				COPY_PHASE_STRIP = NO;
				DEBUG_INFORMATION_FORMAT = "dwarf-with-dsym";
				ENABLE_NS_ASSERTIONS = NO;
				ENABLE_STRICT_OBJC_MSGSEND = YES;
				GCC_C_LANGUAGE_STANDARD = gnu11;
				GCC_NO_COMMON_BLOCKS = YES;
				GCC_WARN_64_TO_32_BIT_CONVERSION = YES;
				GCC_WARN_ABOUT_RETURN_TYPE = YES_ERROR;
				GCC_WARN_UNDECLARED_SELECTOR = YES;
				GCC_WARN_UNINITIALIZED_AUTOS = YES_AGGRESSIVE;
				GCC_WARN_UNUSED_FUNCTION = YES;
				GCC_WARN_UNUSED_VARIABLE = YES;
				MTL_ENABLE_DEBUG_INFO = NO;
				MTL_FAST_MATH = YES;
				SWIFT_COMPILATION_MODE = wholemodule;
				SWIFT_OPTIMIZATION_LEVEL = "-O";
			};
			name = Release;
		};
		0D8859D12D02F1CB00C0EB47 /* Debug */ = {
			isa = XCBuildConfiguration;
			buildSettings = {
				ASSETCATALOG_COMPILER_APPICON_NAME = AppIcon;
				ASSETCATALOG_COMPILER_GLOBAL_ACCENT_COLOR_NAME = AccentColor;
				CODE_SIGN_ENTITLEMENTS = SpotifyDemo/SpotifyDemo.entitlements;
				CODE_SIGN_STYLE = Automatic;
				CURRENT_PROJECT_VERSION = 1;
				DEVELOPMENT_ASSET_PATHS = "\"SpotifyDemo/Preview Content\"";
				DEVELOPMENT_TEAM = V6U7H4T5T2;
				ENABLE_HARDENED_RUNTIME = YES;
				ENABLE_PREVIEWS = YES;
				GENERATE_INFOPLIST_FILE = YES;
				"INFOPLIST_KEY_UIApplicationSceneManifest_Generation[sdk=iphoneos*]" = YES;
				"INFOPLIST_KEY_UIApplicationSceneManifest_Generation[sdk=iphonesimulator*]" = YES;
				"INFOPLIST_KEY_UIApplicationSupportsIndirectInputEvents[sdk=iphoneos*]" = YES;
				"INFOPLIST_KEY_UIApplicationSupportsIndirectInputEvents[sdk=iphonesimulator*]" = YES;
				"INFOPLIST_KEY_UILaunchScreen_Generation[sdk=iphoneos*]" = YES;
				"INFOPLIST_KEY_UILaunchScreen_Generation[sdk=iphonesimulator*]" = YES;
				"INFOPLIST_KEY_UIStatusBarStyle[sdk=iphoneos*]" = UIStatusBarStyleDefault;
				"INFOPLIST_KEY_UIStatusBarStyle[sdk=iphonesimulator*]" = UIStatusBarStyleDefault;
				INFOPLIST_KEY_UISupportedInterfaceOrientations_iPad = "UIInterfaceOrientationPortrait UIInterfaceOrientationPortraitUpsideDown UIInterfaceOrientationLandscapeLeft UIInterfaceOrientationLandscapeRight";
				INFOPLIST_KEY_UISupportedInterfaceOrientations_iPhone = "UIInterfaceOrientationPortrait UIInterfaceOrientationLandscapeLeft UIInterfaceOrientationLandscapeRight";
				IPHONEOS_DEPLOYMENT_TARGET = 16.2;
				LD_RUNPATH_SEARCH_PATHS = "@executable_path/Frameworks";
				"LD_RUNPATH_SEARCH_PATHS[sdk=macosx*]" = "@executable_path/../Frameworks";
				MACOSX_DEPLOYMENT_TARGET = 12.7;
				MARKETING_VERSION = 1.0;
				PRODUCT_BUNDLE_IDENTIFIER = com.kshitijbhosale.SpotifyDemo;
				PRODUCT_NAME = "$(TARGET_NAME)";
				SDKROOT = auto;
				SUPPORTED_PLATFORMS = "iphoneos iphonesimulator macosx";
				SWIFT_EMIT_LOC_STRINGS = YES;
				SWIFT_VERSION = 5.0;
				TARGETED_DEVICE_FAMILY = "1,2";
			};
			name = Debug;
		};
		0D8859D22D02F1CB00C0EB47 /* Release */ = {
			isa = XCBuildConfiguration;
			buildSettings = {
				ASSETCATALOG_COMPILER_APPICON_NAME = AppIcon;
				ASSETCATALOG_COMPILER_GLOBAL_ACCENT_COLOR_NAME = AccentColor;
				CODE_SIGN_ENTITLEMENTS = SpotifyDemo/SpotifyDemo.entitlements;
				CODE_SIGN_STYLE = Automatic;
				CURRENT_PROJECT_VERSION = 1;
				DEVELOPMENT_ASSET_PATHS = "\"SpotifyDemo/Preview Content\"";
				DEVELOPMENT_TEAM = V6U7H4T5T2;
				ENABLE_HARDENED_RUNTIME = YES;
				ENABLE_PREVIEWS = YES;
				GENERATE_INFOPLIST_FILE = YES;
				"INFOPLIST_KEY_UIApplicationSceneManifest_Generation[sdk=iphoneos*]" = YES;
				"INFOPLIST_KEY_UIApplicationSceneManifest_Generation[sdk=iphonesimulator*]" = YES;
				"INFOPLIST_KEY_UIApplicationSupportsIndirectInputEvents[sdk=iphoneos*]" = YES;
				"INFOPLIST_KEY_UIApplicationSupportsIndirectInputEvents[sdk=iphonesimulator*]" = YES;
				"INFOPLIST_KEY_UILaunchScreen_Generation[sdk=iphoneos*]" = YES;
				"INFOPLIST_KEY_UILaunchScreen_Generation[sdk=iphonesimulator*]" = YES;
				"INFOPLIST_KEY_UIStatusBarStyle[sdk=iphoneos*]" = UIStatusBarStyleDefault;
				"INFOPLIST_KEY_UIStatusBarStyle[sdk=iphonesimulator*]" = UIStatusBarStyleDefault;
				INFOPLIST_KEY_UISupportedInterfaceOrientations_iPad = "UIInterfaceOrientationPortrait UIInterfaceOrientationPortraitUpsideDown UIInterfaceOrientationLandscapeLeft UIInterfaceOrientationLandscapeRight";
				INFOPLIST_KEY_UISupportedInterfaceOrientations_iPhone = "UIInterfaceOrientationPortrait UIInterfaceOrientationLandscapeLeft UIInterfaceOrientationLandscapeRight";
				IPHONEOS_DEPLOYMENT_TARGET = 16.2;
				LD_RUNPATH_SEARCH_PATHS = "@executable_path/Frameworks";
				"LD_RUNPATH_SEARCH_PATHS[sdk=macosx*]" = "@executable_path/../Frameworks";
				MACOSX_DEPLOYMENT_TARGET = 12.7;
				MARKETING_VERSION = 1.0;
				PRODUCT_BUNDLE_IDENTIFIER = com.kshitijbhosale.SpotifyDemo;
				PRODUCT_NAME = "$(TARGET_NAME)";
				SDKROOT = auto;
				SUPPORTED_PLATFORMS = "iphoneos iphonesimulator macosx";
				SWIFT_EMIT_LOC_STRINGS = YES;
				SWIFT_VERSION = 5.0;
				TARGETED_DEVICE_FAMILY = "1,2";
			};
			name = Release;
		};
		0D8859D42D02F1CB00C0EB47 /* Debug */ = {
			isa = XCBuildConfiguration;
			buildSettings = {
				ALWAYS_EMBED_SWIFT_STANDARD_LIBRARIES = YES;
				BUNDLE_LOADER = "$(TEST_HOST)";
				CODE_SIGN_STYLE = Automatic;
				CURRENT_PROJECT_VERSION = 1;
				DEVELOPMENT_TEAM = V6U7H4T5T2;
				GENERATE_INFOPLIST_FILE = YES;
				IPHONEOS_DEPLOYMENT_TARGET = 16.2;
				MACOSX_DEPLOYMENT_TARGET = 12.7;
				MARKETING_VERSION = 1.0;
				PRODUCT_BUNDLE_IDENTIFIER = com.kshitijbhosale.SpotifyDemoTests;
				PRODUCT_NAME = "$(TARGET_NAME)";
				SDKROOT = auto;
				SUPPORTED_PLATFORMS = "iphoneos iphonesimulator macosx";
				SWIFT_EMIT_LOC_STRINGS = NO;
				SWIFT_VERSION = 5.0;
				TARGETED_DEVICE_FAMILY = "1,2";
				TEST_HOST = "$(BUILT_PRODUCTS_DIR)/SpotifyDemo.app/$(BUNDLE_EXECUTABLE_FOLDER_PATH)/SpotifyDemo";
			};
			name = Debug;
		};
		0D8859D52D02F1CB00C0EB47 /* Release */ = {
			isa = XCBuildConfiguration;
			buildSettings = {
				ALWAYS_EMBED_SWIFT_STANDARD_LIBRARIES = YES;
				BUNDLE_LOADER = "$(TEST_HOST)";
				CODE_SIGN_STYLE = Automatic;
				CURRENT_PROJECT_VERSION = 1;
				DEVELOPMENT_TEAM = V6U7H4T5T2;
				GENERATE_INFOPLIST_FILE = YES;
				IPHONEOS_DEPLOYMENT_TARGET = 16.2;
				MACOSX_DEPLOYMENT_TARGET = 12.7;
				MARKETING_VERSION = 1.0;
				PRODUCT_BUNDLE_IDENTIFIER = com.kshitijbhosale.SpotifyDemoTests;
				PRODUCT_NAME = "$(TARGET_NAME)";
				SDKROOT = auto;
				SUPPORTED_PLATFORMS = "iphoneos iphonesimulator macosx";
				SWIFT_EMIT_LOC_STRINGS = NO;
				SWIFT_VERSION = 5.0;
				TARGETED_DEVICE_FAMILY = "1,2";
				TEST_HOST = "$(BUILT_PRODUCTS_DIR)/SpotifyDemo.app/$(BUNDLE_EXECUTABLE_FOLDER_PATH)/SpotifyDemo";
			};
			name = Release;
		};
		0D8859D72D02F1CB00C0EB47 /* Debug */ = {
			isa = XCBuildConfiguration;
			buildSettings = {
				ALWAYS_EMBED_SWIFT_STANDARD_LIBRARIES = YES;
				CODE_SIGN_STYLE = Automatic;
				CURRENT_PROJECT_VERSION = 1;
				DEVELOPMENT_TEAM = V6U7H4T5T2;
				GENERATE_INFOPLIST_FILE = YES;
				IPHONEOS_DEPLOYMENT_TARGET = 16.2;
				MACOSX_DEPLOYMENT_TARGET = 12.7;
				MARKETING_VERSION = 1.0;
				PRODUCT_BUNDLE_IDENTIFIER = com.kshitijbhosale.SpotifyDemoUITests;
				PRODUCT_NAME = "$(TARGET_NAME)";
				SDKROOT = auto;
				SUPPORTED_PLATFORMS = "iphoneos iphonesimulator macosx";
				SWIFT_EMIT_LOC_STRINGS = NO;
				SWIFT_VERSION = 5.0;
				TARGETED_DEVICE_FAMILY = "1,2";
				TEST_TARGET_NAME = SpotifyDemo;
			};
			name = Debug;
		};
		0D8859D82D02F1CB00C0EB47 /* Release */ = {
			isa = XCBuildConfiguration;
			buildSettings = {
				ALWAYS_EMBED_SWIFT_STANDARD_LIBRARIES = YES;
				CODE_SIGN_STYLE = Automatic;
				CURRENT_PROJECT_VERSION = 1;
				DEVELOPMENT_TEAM = V6U7H4T5T2;
				GENERATE_INFOPLIST_FILE = YES;
				IPHONEOS_DEPLOYMENT_TARGET = 16.2;
				MACOSX_DEPLOYMENT_TARGET = 12.7;
				MARKETING_VERSION = 1.0;
				PRODUCT_BUNDLE_IDENTIFIER = com.kshitijbhosale.SpotifyDemoUITests;
				PRODUCT_NAME = "$(TARGET_NAME)";
				SDKROOT = auto;
				SUPPORTED_PLATFORMS = "iphoneos iphonesimulator macosx";
				SWIFT_EMIT_LOC_STRINGS = NO;
				SWIFT_VERSION = 5.0;
				TARGETED_DEVICE_FAMILY = "1,2";
				TEST_TARGET_NAME = SpotifyDemo;
			};
			name = Release;
		};
/* End XCBuildConfiguration section */

/* Begin XCConfigurationList section */
		0D8859A12D02F1C500C0EB47 /* Build configuration list for PBXProject "SpotifyDemo" */ = {
			isa = XCConfigurationList;
			buildConfigurations = (
				0D8859CE2D02F1CB00C0EB47 /* Debug */,
				0D8859CF2D02F1CB00C0EB47 /* Release */,
			);
			defaultConfigurationIsVisible = 0;
			defaultConfigurationName = Release;
		};
		0D8859D02D02F1CB00C0EB47 /* Build configuration list for PBXNativeTarget "SpotifyDemo" */ = {
			isa = XCConfigurationList;
			buildConfigurations = (
				0D8859D12D02F1CB00C0EB47 /* Debug */,
				0D8859D22D02F1CB00C0EB47 /* Release */,
			);
			defaultConfigurationIsVisible = 0;
			defaultConfigurationName = Release;
		};
		0D8859D32D02F1CB00C0EB47 /* Build configuration list for PBXNativeTarget "SpotifyDemoTests" */ = {
			isa = XCConfigurationList;
			buildConfigurations = (
				0D8859D42D02F1CB00C0EB47 /* Debug */,
				0D8859D52D02F1CB00C0EB47 /* Release */,
			);
			defaultConfigurationIsVisible = 0;
			defaultConfigurationName = Release;
		};
		0D8859D62D02F1CB00C0EB47 /* Build configuration list for PBXNativeTarget "SpotifyDemoUITests" */ = {
			isa = XCConfigurationList;
			buildConfigurations = (
				0D8859D72D02F1CB00C0EB47 /* Debug */,
				0D8859D82D02F1CB00C0EB47 /* Release */,
			);
			defaultConfigurationIsVisible = 0;
			defaultConfigurationName = Release;
		};
/* End XCConfigurationList section */

/* Begin XCVersionGroup section */
		0D8859AD2D02F1C500C0EB47 /* SpotifyDemo.xcdatamodeld */ = {
			isa = XCVersionGroup;
			children = (
				0D8859AE2D02F1C500C0EB47 /* SpotifyDemo.xcdatamodel */,
			);
			currentVersion = 0D8859AE2D02F1C500C0EB47 /* SpotifyDemo.xcdatamodel */;
			path = SpotifyDemo.xcdatamodeld;
			sourceTree = "<group>";
			versionGroupType = wrapper.xcdatamodel;
		};
/* End XCVersionGroup section */
	};
	rootObject = 0D88599E2D02F1C500C0EB47 /* Project object */;
}
